
Microsoft Visual Studio Solution File, Format Version 12.00
# Visual Studio Version 17
VisualStudioVersion = 17.5.33627.172
MinimumVisualStudioVersion = 10.0.40219.1
Project("{9A19103F-16F7-4668-BE54-9A1E7A4F7556}") = "InfoSearch.Core", "InfoSearch.Core\InfoSearch.Core.csproj", "{902567FB-6085-46FF-AE2F-C599743C1031}"
EndProject
Project("{9A19103F-16F7-4668-BE54-9A1E7A4F7556}") = "InfoSearch.Parsing", "InfoSearch.Parsing\InfoSearch.Parsing.csproj", "{7036FFA1-4846-4FEA-ACBD-935DACF0BC8F}"
EndProject
Project("{9A19103F-16F7-4668-BE54-9A1E7A4F7556}") = "InfoSearch.Serializing", "InfoSearch.Serializing\InfoSearch.Serializing.csproj", "{DB60834B-CD9E-44F4-B44C-1FF14F4FCC15}"
EndProject
Project("{9A19103F-16F7-4668-BE54-9A1E7A4F7556}") = "InfoSearch.QueryProcessing", "InfoSearch.QueryProcessing\InfoSearch.QueryProcessing.csproj", "{3ACE588B-5A69-402A-A567-E21A1273EA75}"
EndProject
Project("{9A19103F-16F7-4668-BE54-9A1E7A4F7556}") = "InfoSearch.ConsoleUtils", "InfoSearch.ConsoleUtils\InfoSearch.ConsoleUtils.csproj", "{01DC4FC0-2308-4CF7-A274-60FDB3AEE206}"
EndProject
Project("{2150E333-8FDC-42A3-9474-1A3956D46DE8}") = "Executable", "Executable", "{D6CAD63A-F61D-4701-B62E-8155C6EE94AD}"
EndProject
Project("{9A19103F-16F7-4668-BE54-9A1E7A4F7556}") = "InfoSearch.DictionaryApp", "Executable\InfoSearch.DictionaryApp\InfoSearch.DictionaryApp.csproj", "{80E45D24-6706-44C4-AF35-238B0C15527B}"
EndProject
Project("{9A19103F-16F7-4668-BE54-9A1E7A4F7556}") = "InfoSearch.IndexApp", "Executable\InfoSearch.IndexApp\InfoSearch.IndexApp.csproj", "{0856FEC0-6123-4B14-8271-397D46F94823}"
EndProject
Project("{9A19103F-16F7-4668-BE54-9A1E7A4F7556}") = "InfoSearch.TwoWordIndexApp", "Executable\InfoSearch.TwoWordIndexApp\InfoSearch.TwoWordIndexApp.csproj", "{EC07E9F1-0FE9-4CA8-9636-9E1D4758ABE6}"
EndProject
Project("{FAE04EC0-301F-11D3-BF4B-00C04F79EFBC}") = "InfoSearch.CoordinateIndexApp", "Executable\InfoSearch.CoordinateIndexApp\InfoSearch.CoordinateIndexApp.csproj", "{B7795A8D-63F5-451F-8C9C-E0097D2577BE}"
EndProject
Global
	GlobalSection(SolutionConfigurationPlatforms) = preSolution
		Debug|Any CPU = Debug|Any CPU
		Release|Any CPU = Release|Any CPU
	EndGlobalSection
	GlobalSection(ProjectConfigurationPlatforms) = postSolution
		{902567FB-6085-46FF-AE2F-C599743C1031}.Debug|Any CPU.ActiveCfg = Debug|Any CPU
		{902567FB-6085-46FF-AE2F-C599743C1031}.Debug|Any CPU.Build.0 = Debug|Any CPU
		{902567FB-6085-46FF-AE2F-C599743C1031}.Release|Any CPU.ActiveCfg = Release|Any CPU
		{902567FB-6085-46FF-AE2F-C599743C1031}.Release|Any CPU.Build.0 = Release|Any CPU
		{7036FFA1-4846-4FEA-ACBD-935DACF0BC8F}.Debug|Any CPU.ActiveCfg = Debug|Any CPU
		{7036FFA1-4846-4FEA-ACBD-935DACF0BC8F}.Debug|Any CPU.Build.0 = Debug|Any CPU
		{7036FFA1-4846-4FEA-ACBD-935DACF0BC8F}.Release|Any CPU.ActiveCfg = Release|Any CPU
		{7036FFA1-4846-4FEA-ACBD-935DACF0BC8F}.Release|Any CPU.Build.0 = Release|Any CPU
		{DB60834B-CD9E-44F4-B44C-1FF14F4FCC15}.Debug|Any CPU.ActiveCfg = Debug|Any CPU
		{DB60834B-CD9E-44F4-B44C-1FF14F4FCC15}.Debug|Any CPU.Build.0 = Debug|Any CPU
		{DB60834B-CD9E-44F4-B44C-1FF14F4FCC15}.Release|Any CPU.ActiveCfg = Release|Any CPU
		{DB60834B-CD9E-44F4-B44C-1FF14F4FCC15}.Release|Any CPU.Build.0 = Release|Any CPU
		{3ACE588B-5A69-402A-A567-E21A1273EA75}.Debug|Any CPU.ActiveCfg = Debug|Any CPU
		{3ACE588B-5A69-402A-A567-E21A1273EA75}.Debug|Any CPU.Build.0 = Debug|Any CPU
		{3ACE588B-5A69-402A-A567-E21A1273EA75}.Release|Any CPU.ActiveCfg = Release|Any CPU
		{3ACE588B-5A69-402A-A567-E21A1273EA75}.Release|Any CPU.Build.0 = Release|Any CPU
		{01DC4FC0-2308-4CF7-A274-60FDB3AEE206}.Debug|Any CPU.ActiveCfg = Debug|Any CPU
		{01DC4FC0-2308-4CF7-A274-60FDB3AEE206}.Debug|Any CPU.Build.0 = Debug|Any CPU
		{01DC4FC0-2308-4CF7-A274-60FDB3AEE206}.Release|Any CPU.ActiveCfg = Release|Any CPU
		{01DC4FC0-2308-4CF7-A274-60FDB3AEE206}.Release|Any CPU.Build.0 = Release|Any CPU
		{80E45D24-6706-44C4-AF35-238B0C15527B}.Debug|Any CPU.ActiveCfg = Debug|Any CPU
		{80E45D24-6706-44C4-AF35-238B0C15527B}.Debug|Any CPU.Build.0 = Debug|Any CPU
		{80E45D24-6706-44C4-AF35-238B0C15527B}.Release|Any CPU.ActiveCfg = Release|Any CPU
		{80E45D24-6706-44C4-AF35-238B0C15527B}.Release|Any CPU.Build.0 = Release|Any CPU
		{0856FEC0-6123-4B14-8271-397D46F94823}.Debug|Any CPU.ActiveCfg = Debug|Any CPU
		{0856FEC0-6123-4B14-8271-397D46F94823}.Debug|Any CPU.Build.0 = Debug|Any CPU
		{0856FEC0-6123-4B14-8271-397D46F94823}.Release|Any CPU.ActiveCfg = Release|Any CPU
		{0856FEC0-6123-4B14-8271-397D46F94823}.Release|Any CPU.Build.0 = Release|Any CPU
		{EC07E9F1-0FE9-4CA8-9636-9E1D4758ABE6}.Debug|Any CPU.ActiveCfg = Debug|Any CPU
		{EC07E9F1-0FE9-4CA8-9636-9E1D4758ABE6}.Debug|Any CPU.Build.0 = Debug|Any CPU
		{EC07E9F1-0FE9-4CA8-9636-9E1D4758ABE6}.Release|Any CPU.ActiveCfg = Release|Any CPU
		{EC07E9F1-0FE9-4CA8-9636-9E1D4758ABE6}.Release|Any CPU.Build.0 = Release|Any CPU
		{B7795A8D-63F5-451F-8C9C-E0097D2577BE}.Debug|Any CPU.ActiveCfg = Debug|Any CPU
		{B7795A8D-63F5-451F-8C9C-E0097D2577BE}.Debug|Any CPU.Build.0 = Debug|Any CPU
		{B7795A8D-63F5-451F-8C9C-E0097D2577BE}.Release|Any CPU.ActiveCfg = Release|Any CPU
		{B7795A8D-63F5-451F-8C9C-E0097D2577BE}.Release|Any CPU.Build.0 = Release|Any CPU
	EndGlobalSection
	GlobalSection(SolutionProperties) = preSolution
		HideSolutionNode = FALSE
	EndGlobalSection
	GlobalSection(NestedProjects) = preSolution
		{80E45D24-6706-44C4-AF35-238B0C15527B} = {D6CAD63A-F61D-4701-B62E-8155C6EE94AD}
		{0856FEC0-6123-4B14-8271-397D46F94823} = {D6CAD63A-F61D-4701-B62E-8155C6EE94AD}
		{EC07E9F1-0FE9-4CA8-9636-9E1D4758ABE6} = {D6CAD63A-F61D-4701-B62E-8155C6EE94AD}
		{B7795A8D-63F5-451F-8C9C-E0097D2577BE} = {D6CAD63A-F61D-4701-B62E-8155C6EE94AD}
	EndGlobalSection
	GlobalSection(ExtensibilityGlobals) = postSolution
		SolutionGuid = {6C432D75-7910-43B2-AE21-B47C0C1B8B9C}
	EndGlobalSection
EndGlobal
